
Microsoft Visual Studio Solution File, Format Version 12.00
# Visual Studio Version 17
VisualStudioVersion = 17.0.31903.59
MinimumVisualStudioVersion = 10.0.40219.1
Project("{2150E333-8FDC-42A3-9474-1A3956D46DE8}") = "providers", "providers", "{D9007A03-FD03-1159-6598-E081D0A1BEBA}"
EndProject
Project("{2150E333-8FDC-42A3-9474-1A3956D46DE8}") = "base", "base", "{CD19E473-91E0-CD72-EE5E-C0DCC46C0E12}"
EndProject
Project("{2150E333-8FDC-42A3-9474-1A3956D46DE8}") = "src", "src", "{298F8AB7-0289-679B-5FB2-8DBA2642B344}"
EndProject
Project("{FAE04EC0-301F-11D3-BF4B-00C04F79EFBC}") = "Annium.Finance.Providers.Abstractions.Connectors", "providers\base\src\Annium.Finance.Providers.Abstractions.Connectors\Annium.Finance.Providers.Abstractions.Connectors.csproj", "{B01E7B82-4A11-46EA-8AC3-50C03BCA9FF3}"
EndProject
Project("{FAE04EC0-301F-11D3-BF4B-00C04F79EFBC}") = "Annium.Finance.Providers.Abstractions.Domain", "providers\base\src\Annium.Finance.Providers.Abstractions.Domain\Annium.Finance.Providers.Abstractions.Domain.csproj", "{A5E61922-2357-4D33-AC33-14E82344B3D1}"
EndProject
Project("{2150E333-8FDC-42A3-9474-1A3956D46DE8}") = "tests", "tests", "{3774EB85-8B8A-ED5F-A88F-847800C17D59}"
EndProject
Project("{FAE04EC0-301F-11D3-BF4B-00C04F79EFBC}") = "Annium.Finance.Providers.Abstractions.Domain.Tests", "providers\base\tests\Annium.Finance.Providers.Abstractions.Domain.Tests\Annium.Finance.Providers.Abstractions.Domain.Tests.csproj", "{1761D8C7-1C7C-4EEF-85C8-AFC5BD77A07C}"
EndProject
Project("{2150E333-8FDC-42A3-9474-1A3956D46DE8}") = "crypto", "crypto", "{C7191F93-E6A9-4E49-D69F-C3FFBF7D6FBD}"
EndProject
Project("{2150E333-8FDC-42A3-9474-1A3956D46DE8}") = "binance", "binance", "{6BAEDDFB-59D2-D95E-4EFB-31444E15ADE6}"
EndProject
Project("{2150E333-8FDC-42A3-9474-1A3956D46DE8}") = "src", "src", "{E54C2DED-9A3F-CEA0-3B2E-B3418CFD6285}"
EndProject
Project("{FAE04EC0-301F-11D3-BF4B-00C04F79EFBC}") = "Annium.Finance.Providers.Crypto.Binance.Base", "providers\crypto\binance\src\Annium.Finance.Providers.Crypto.Binance.Base\Annium.Finance.Providers.Crypto.Binance.Base.csproj", "{508DBBDC-AF4E-4748-A852-87E7F9B2C97E}"
EndProject
Project("{2150E333-8FDC-42A3-9474-1A3956D46DE8}") = "tests", "tests", "{162DB788-3C4F-0D86-64E4-D7059D439B94}"
EndProject
Project("{FAE04EC0-301F-11D3-BF4B-00C04F79EFBC}") = "Annium.Finance.Providers.Crypto.Binance.Base.Tests", "providers\crypto\binance\tests\Annium.Finance.Providers.Crypto.Binance.Base.Tests\Annium.Finance.Providers.Crypto.Binance.Base.Tests.csproj", "{55AFF5F3-6026-43CC-9091-4F96068C32FF}"
EndProject
Project("{FAE04EC0-301F-11D3-BF4B-00C04F79EFBC}") = "Annium.Finance.Providers.Crypto.Binance.Spot", "providers\crypto\binance\src\Annium.Finance.Providers.Crypto.Binance.Spot\Annium.Finance.Providers.Crypto.Binance.Spot.csproj", "{772F5106-7022-42AD-943D-D254E04F6047}"
EndProject
Project("{FAE04EC0-301F-11D3-BF4B-00C04F79EFBC}") = "Annium.Finance.Providers.Crypto.Binance.Spot.Tests", "providers\crypto\binance\tests\Annium.Finance.Providers.Crypto.Binance.Spot.Tests\Annium.Finance.Providers.Crypto.Binance.Spot.Tests.csproj", "{33BE62D2-9FD3-48CD-A087-4E1D6006D8BB}"
EndProject
Project("{FAE04EC0-301F-11D3-BF4B-00C04F79EFBC}") = "Annium.Finance.Providers.Crypto.Binance.UsdFutures", "providers\crypto\binance\src\Annium.Finance.Providers.Crypto.Binance.UsdFutures\Annium.Finance.Providers.Crypto.Binance.UsdFutures.csproj", "{46932E7D-4ED1-4037-9A0B-E7011F151ED7}"
EndProject
Project("{FAE04EC0-301F-11D3-BF4B-00C04F79EFBC}") = "Annium.Finance.Providers.Crypto.Binance.UsdFutures.Tests", "providers\crypto\binance\tests\Annium.Finance.Providers.Crypto.Binance.UsdFutures.Tests\Annium.Finance.Providers.Crypto.Binance.UsdFutures.Tests.csproj", "{16EAC144-B987-44EF-8649-1133226118AB}"
EndProject
Project("{FAE04EC0-301F-11D3-BF4B-00C04F79EFBC}") = "Annium.Finance.Providers.Shared", "providers\base\src\Annium.Finance.Providers.Shared\Annium.Finance.Providers.Shared.csproj", "{1BC757AA-7D07-4374-98E0-E87FB31B9E33}"
EndProject
Project("{FAE04EC0-301F-11D3-BF4B-00C04F79EFBC}") = "Annium.Finance.Providers.Shared.Tests", "providers\base\tests\Annium.Finance.Providers.Shared.Tests\Annium.Finance.Providers.Shared.Tests.csproj", "{0F6283EB-4E1C-4810-BAF8-C0EBB5E47635}"
EndProject
Project("{FAE04EC0-301F-11D3-BF4B-00C04F79EFBC}") = "Annium.Finance.Providers.Tests.Lib", "providers\base\tests\Annium.Finance.Providers.Tests.Lib\Annium.Finance.Providers.Tests.Lib.csproj", "{CA9FF580-4D83-422F-85E5-D8962A798EB1}"
EndProject
Global
	GlobalSection(SolutionConfigurationPlatforms) = preSolution
		Debug|Any CPU = Debug|Any CPU
		Debug|x64 = Debug|x64
		Debug|x86 = Debug|x86
		Release|Any CPU = Release|Any CPU
		Release|x64 = Release|x64
		Release|x86 = Release|x86
	EndGlobalSection
	GlobalSection(ProjectConfigurationPlatforms) = postSolution
		{B01E7B82-4A11-46EA-8AC3-50C03BCA9FF3}.Debug|Any CPU.ActiveCfg = Debug|Any CPU
		{B01E7B82-4A11-46EA-8AC3-50C03BCA9FF3}.Debug|Any CPU.Build.0 = Debug|Any CPU
		{B01E7B82-4A11-46EA-8AC3-50C03BCA9FF3}.Debug|x64.ActiveCfg = Debug|Any CPU
		{B01E7B82-4A11-46EA-8AC3-50C03BCA9FF3}.Debug|x64.Build.0 = Debug|Any CPU
		{B01E7B82-4A11-46EA-8AC3-50C03BCA9FF3}.Debug|x86.ActiveCfg = Debug|Any CPU
		{B01E7B82-4A11-46EA-8AC3-50C03BCA9FF3}.Debug|x86.Build.0 = Debug|Any CPU
		{B01E7B82-4A11-46EA-8AC3-50C03BCA9FF3}.Release|Any CPU.ActiveCfg = Release|Any CPU
		{B01E7B82-4A11-46EA-8AC3-50C03BCA9FF3}.Release|Any CPU.Build.0 = Release|Any CPU
		{B01E7B82-4A11-46EA-8AC3-50C03BCA9FF3}.Release|x64.ActiveCfg = Release|Any CPU
		{B01E7B82-4A11-46EA-8AC3-50C03BCA9FF3}.Release|x64.Build.0 = Release|Any CPU
		{B01E7B82-4A11-46EA-8AC3-50C03BCA9FF3}.Release|x86.ActiveCfg = Release|Any CPU
		{B01E7B82-4A11-46EA-8AC3-50C03BCA9FF3}.Release|x86.Build.0 = Release|Any CPU
		{A5E61922-2357-4D33-AC33-14E82344B3D1}.Debug|Any CPU.ActiveCfg = Debug|Any CPU
		{A5E61922-2357-4D33-AC33-14E82344B3D1}.Debug|Any CPU.Build.0 = Debug|Any CPU
		{A5E61922-2357-4D33-AC33-14E82344B3D1}.Debug|x64.ActiveCfg = Debug|Any CPU
		{A5E61922-2357-4D33-AC33-14E82344B3D1}.Debug|x64.Build.0 = Debug|Any CPU
		{A5E61922-2357-4D33-AC33-14E82344B3D1}.Debug|x86.ActiveCfg = Debug|Any CPU
		{A5E61922-2357-4D33-AC33-14E82344B3D1}.Debug|x86.Build.0 = Debug|Any CPU
		{A5E61922-2357-4D33-AC33-14E82344B3D1}.Release|Any CPU.ActiveCfg = Release|Any CPU
		{A5E61922-2357-4D33-AC33-14E82344B3D1}.Release|Any CPU.Build.0 = Release|Any CPU
		{A5E61922-2357-4D33-AC33-14E82344B3D1}.Release|x64.ActiveCfg = Release|Any CPU
		{A5E61922-2357-4D33-AC33-14E82344B3D1}.Release|x64.Build.0 = Release|Any CPU
		{A5E61922-2357-4D33-AC33-14E82344B3D1}.Release|x86.ActiveCfg = Release|Any CPU
		{A5E61922-2357-4D33-AC33-14E82344B3D1}.Release|x86.Build.0 = Release|Any CPU
		{1761D8C7-1C7C-4EEF-85C8-AFC5BD77A07C}.Debug|Any CPU.ActiveCfg = Debug|Any CPU
		{1761D8C7-1C7C-4EEF-85C8-AFC5BD77A07C}.Debug|Any CPU.Build.0 = Debug|Any CPU
		{1761D8C7-1C7C-4EEF-85C8-AFC5BD77A07C}.Debug|x64.ActiveCfg = Debug|Any CPU
		{1761D8C7-1C7C-4EEF-85C8-AFC5BD77A07C}.Debug|x64.Build.0 = Debug|Any CPU
		{1761D8C7-1C7C-4EEF-85C8-AFC5BD77A07C}.Debug|x86.ActiveCfg = Debug|Any CPU
		{1761D8C7-1C7C-4EEF-85C8-AFC5BD77A07C}.Debug|x86.Build.0 = Debug|Any CPU
		{1761D8C7-1C7C-4EEF-85C8-AFC5BD77A07C}.Release|Any CPU.ActiveCfg = Release|Any CPU
		{1761D8C7-1C7C-4EEF-85C8-AFC5BD77A07C}.Release|Any CPU.Build.0 = Release|Any CPU
		{1761D8C7-1C7C-4EEF-85C8-AFC5BD77A07C}.Release|x64.ActiveCfg = Release|Any CPU
		{1761D8C7-1C7C-4EEF-85C8-AFC5BD77A07C}.Release|x64.Build.0 = Release|Any CPU
		{1761D8C7-1C7C-4EEF-85C8-AFC5BD77A07C}.Release|x86.ActiveCfg = Release|Any CPU
		{1761D8C7-1C7C-4EEF-85C8-AFC5BD77A07C}.Release|x86.Build.0 = Release|Any CPU
		{508DBBDC-AF4E-4748-A852-87E7F9B2C97E}.Debug|Any CPU.ActiveCfg = Debug|Any CPU
		{508DBBDC-AF4E-4748-A852-87E7F9B2C97E}.Debug|Any CPU.Build.0 = Debug|Any CPU
		{508DBBDC-AF4E-4748-A852-87E7F9B2C97E}.Debug|x64.ActiveCfg = Debug|Any CPU
		{508DBBDC-AF4E-4748-A852-87E7F9B2C97E}.Debug|x64.Build.0 = Debug|Any CPU
		{508DBBDC-AF4E-4748-A852-87E7F9B2C97E}.Debug|x86.ActiveCfg = Debug|Any CPU
		{508DBBDC-AF4E-4748-A852-87E7F9B2C97E}.Debug|x86.Build.0 = Debug|Any CPU
		{508DBBDC-AF4E-4748-A852-87E7F9B2C97E}.Release|Any CPU.ActiveCfg = Release|Any CPU
		{508DBBDC-AF4E-4748-A852-87E7F9B2C97E}.Release|Any CPU.Build.0 = Release|Any CPU
		{508DBBDC-AF4E-4748-A852-87E7F9B2C97E}.Release|x64.ActiveCfg = Release|Any CPU
		{508DBBDC-AF4E-4748-A852-87E7F9B2C97E}.Release|x64.Build.0 = Release|Any CPU
		{508DBBDC-AF4E-4748-A852-87E7F9B2C97E}.Release|x86.ActiveCfg = Release|Any CPU
		{508DBBDC-AF4E-4748-A852-87E7F9B2C97E}.Release|x86.Build.0 = Release|Any CPU
		{55AFF5F3-6026-43CC-9091-4F96068C32FF}.Debug|Any CPU.ActiveCfg = Debug|Any CPU
		{55AFF5F3-6026-43CC-9091-4F96068C32FF}.Debug|Any CPU.Build.0 = Debug|Any CPU
		{55AFF5F3-6026-43CC-9091-4F96068C32FF}.Debug|x64.ActiveCfg = Debug|Any CPU
		{55AFF5F3-6026-43CC-9091-4F96068C32FF}.Debug|x64.Build.0 = Debug|Any CPU
		{55AFF5F3-6026-43CC-9091-4F96068C32FF}.Debug|x86.ActiveCfg = Debug|Any CPU
		{55AFF5F3-6026-43CC-9091-4F96068C32FF}.Debug|x86.Build.0 = Debug|Any CPU
		{55AFF5F3-6026-43CC-9091-4F96068C32FF}.Release|Any CPU.ActiveCfg = Release|Any CPU
		{55AFF5F3-6026-43CC-9091-4F96068C32FF}.Release|Any CPU.Build.0 = Release|Any CPU
		{55AFF5F3-6026-43CC-9091-4F96068C32FF}.Release|x64.ActiveCfg = Release|Any CPU
		{55AFF5F3-6026-43CC-9091-4F96068C32FF}.Release|x64.Build.0 = Release|Any CPU
		{55AFF5F3-6026-43CC-9091-4F96068C32FF}.Release|x86.ActiveCfg = Release|Any CPU
		{55AFF5F3-6026-43CC-9091-4F96068C32FF}.Release|x86.Build.0 = Release|Any CPU
		{772F5106-7022-42AD-943D-D254E04F6047}.Debug|Any CPU.ActiveCfg = Debug|Any CPU
		{772F5106-7022-42AD-943D-D254E04F6047}.Debug|Any CPU.Build.0 = Debug|Any CPU
		{772F5106-7022-42AD-943D-D254E04F6047}.Debug|x64.ActiveCfg = Debug|Any CPU
		{772F5106-7022-42AD-943D-D254E04F6047}.Debug|x64.Build.0 = Debug|Any CPU
		{772F5106-7022-42AD-943D-D254E04F6047}.Debug|x86.ActiveCfg = Debug|Any CPU
		{772F5106-7022-42AD-943D-D254E04F6047}.Debug|x86.Build.0 = Debug|Any CPU
		{772F5106-7022-42AD-943D-D254E04F6047}.Release|Any CPU.ActiveCfg = Release|Any CPU
		{772F5106-7022-42AD-943D-D254E04F6047}.Release|Any CPU.Build.0 = Release|Any CPU
		{772F5106-7022-42AD-943D-D254E04F6047}.Release|x64.ActiveCfg = Release|Any CPU
		{772F5106-7022-42AD-943D-D254E04F6047}.Release|x64.Build.0 = Release|Any CPU
		{772F5106-7022-42AD-943D-D254E04F6047}.Release|x86.ActiveCfg = Release|Any CPU
		{772F5106-7022-42AD-943D-D254E04F6047}.Release|x86.Build.0 = Release|Any CPU
		{33BE62D2-9FD3-48CD-A087-4E1D6006D8BB}.Debug|Any CPU.ActiveCfg = Debug|Any CPU
		{33BE62D2-9FD3-48CD-A087-4E1D6006D8BB}.Debug|Any CPU.Build.0 = Debug|Any CPU
		{33BE62D2-9FD3-48CD-A087-4E1D6006D8BB}.Debug|x64.ActiveCfg = Debug|Any CPU
		{33BE62D2-9FD3-48CD-A087-4E1D6006D8BB}.Debug|x64.Build.0 = Debug|Any CPU
		{33BE62D2-9FD3-48CD-A087-4E1D6006D8BB}.Debug|x86.ActiveCfg = Debug|Any CPU
		{33BE62D2-9FD3-48CD-A087-4E1D6006D8BB}.Debug|x86.Build.0 = Debug|Any CPU
		{33BE62D2-9FD3-48CD-A087-4E1D6006D8BB}.Release|Any CPU.ActiveCfg = Release|Any CPU
		{33BE62D2-9FD3-48CD-A087-4E1D6006D8BB}.Release|Any CPU.Build.0 = Release|Any CPU
		{33BE62D2-9FD3-48CD-A087-4E1D6006D8BB}.Release|x64.ActiveCfg = Release|Any CPU
		{33BE62D2-9FD3-48CD-A087-4E1D6006D8BB}.Release|x64.Build.0 = Release|Any CPU
		{33BE62D2-9FD3-48CD-A087-4E1D6006D8BB}.Release|x86.ActiveCfg = Release|Any CPU
		{33BE62D2-9FD3-48CD-A087-4E1D6006D8BB}.Release|x86.Build.0 = Release|Any CPU
		{46932E7D-4ED1-4037-9A0B-E7011F151ED7}.Debug|Any CPU.ActiveCfg = Debug|Any CPU
		{46932E7D-4ED1-4037-9A0B-E7011F151ED7}.Debug|Any CPU.Build.0 = Debug|Any CPU
		{46932E7D-4ED1-4037-9A0B-E7011F151ED7}.Debug|x64.ActiveCfg = Debug|Any CPU
		{46932E7D-4ED1-4037-9A0B-E7011F151ED7}.Debug|x64.Build.0 = Debug|Any CPU
		{46932E7D-4ED1-4037-9A0B-E7011F151ED7}.Debug|x86.ActiveCfg = Debug|Any CPU
		{46932E7D-4ED1-4037-9A0B-E7011F151ED7}.Debug|x86.Build.0 = Debug|Any CPU
		{46932E7D-4ED1-4037-9A0B-E7011F151ED7}.Release|Any CPU.ActiveCfg = Release|Any CPU
		{46932E7D-4ED1-4037-9A0B-E7011F151ED7}.Release|Any CPU.Build.0 = Release|Any CPU
		{46932E7D-4ED1-4037-9A0B-E7011F151ED7}.Release|x64.ActiveCfg = Release|Any CPU
		{46932E7D-4ED1-4037-9A0B-E7011F151ED7}.Release|x64.Build.0 = Release|Any CPU
		{46932E7D-4ED1-4037-9A0B-E7011F151ED7}.Release|x86.ActiveCfg = Release|Any CPU
		{46932E7D-4ED1-4037-9A0B-E7011F151ED7}.Release|x86.Build.0 = Release|Any CPU
		{16EAC144-B987-44EF-8649-1133226118AB}.Debug|Any CPU.ActiveCfg = Debug|Any CPU
		{16EAC144-B987-44EF-8649-1133226118AB}.Debug|Any CPU.Build.0 = Debug|Any CPU
		{16EAC144-B987-44EF-8649-1133226118AB}.Debug|x64.ActiveCfg = Debug|Any CPU
		{16EAC144-B987-44EF-8649-1133226118AB}.Debug|x64.Build.0 = Debug|Any CPU
		{16EAC144-B987-44EF-8649-1133226118AB}.Debug|x86.ActiveCfg = Debug|Any CPU
		{16EAC144-B987-44EF-8649-1133226118AB}.Debug|x86.Build.0 = Debug|Any CPU
		{16EAC144-B987-44EF-8649-1133226118AB}.Release|Any CPU.ActiveCfg = Release|Any CPU
		{16EAC144-B987-44EF-8649-1133226118AB}.Release|Any CPU.Build.0 = Release|Any CPU
		{16EAC144-B987-44EF-8649-1133226118AB}.Release|x64.ActiveCfg = Release|Any CPU
		{16EAC144-B987-44EF-8649-1133226118AB}.Release|x64.Build.0 = Release|Any CPU
		{16EAC144-B987-44EF-8649-1133226118AB}.Release|x86.ActiveCfg = Release|Any CPU
		{16EAC144-B987-44EF-8649-1133226118AB}.Release|x86.Build.0 = Release|Any CPU
		{1BC757AA-7D07-4374-98E0-E87FB31B9E33}.Debug|Any CPU.ActiveCfg = Debug|Any CPU
		{1BC757AA-7D07-4374-98E0-E87FB31B9E33}.Debug|Any CPU.Build.0 = Debug|Any CPU
		{1BC757AA-7D07-4374-98E0-E87FB31B9E33}.Debug|x64.ActiveCfg = Debug|Any CPU
		{1BC757AA-7D07-4374-98E0-E87FB31B9E33}.Debug|x64.Build.0 = Debug|Any CPU
		{1BC757AA-7D07-4374-98E0-E87FB31B9E33}.Debug|x86.ActiveCfg = Debug|Any CPU
		{1BC757AA-7D07-4374-98E0-E87FB31B9E33}.Debug|x86.Build.0 = Debug|Any CPU
		{1BC757AA-7D07-4374-98E0-E87FB31B9E33}.Release|Any CPU.ActiveCfg = Release|Any CPU
		{1BC757AA-7D07-4374-98E0-E87FB31B9E33}.Release|Any CPU.Build.0 = Release|Any CPU
		{1BC757AA-7D07-4374-98E0-E87FB31B9E33}.Release|x64.ActiveCfg = Release|Any CPU
		{1BC757AA-7D07-4374-98E0-E87FB31B9E33}.Release|x64.Build.0 = Release|Any CPU
		{1BC757AA-7D07-4374-98E0-E87FB31B9E33}.Release|x86.ActiveCfg = Release|Any CPU
		{1BC757AA-7D07-4374-98E0-E87FB31B9E33}.Release|x86.Build.0 = Release|Any CPU
		{0F6283EB-4E1C-4810-BAF8-C0EBB5E47635}.Debug|Any CPU.ActiveCfg = Debug|Any CPU
		{0F6283EB-4E1C-4810-BAF8-C0EBB5E47635}.Debug|Any CPU.Build.0 = Debug|Any CPU
		{0F6283EB-4E1C-4810-BAF8-C0EBB5E47635}.Debug|x64.ActiveCfg = Debug|Any CPU
		{0F6283EB-4E1C-4810-BAF8-C0EBB5E47635}.Debug|x64.Build.0 = Debug|Any CPU
		{0F6283EB-4E1C-4810-BAF8-C0EBB5E47635}.Debug|x86.ActiveCfg = Debug|Any CPU
		{0F6283EB-4E1C-4810-BAF8-C0EBB5E47635}.Debug|x86.Build.0 = Debug|Any CPU
		{0F6283EB-4E1C-4810-BAF8-C0EBB5E47635}.Release|Any CPU.ActiveCfg = Release|Any CPU
		{0F6283EB-4E1C-4810-BAF8-C0EBB5E47635}.Release|Any CPU.Build.0 = Release|Any CPU
		{0F6283EB-4E1C-4810-BAF8-C0EBB5E47635}.Release|x64.ActiveCfg = Release|Any CPU
		{0F6283EB-4E1C-4810-BAF8-C0EBB5E47635}.Release|x64.Build.0 = Release|Any CPU
		{0F6283EB-4E1C-4810-BAF8-C0EBB5E47635}.Release|x86.ActiveCfg = Release|Any CPU
		{0F6283EB-4E1C-4810-BAF8-C0EBB5E47635}.Release|x86.Build.0 = Release|Any CPU
		{CA9FF580-4D83-422F-85E5-D8962A798EB1}.Debug|Any CPU.ActiveCfg = Debug|Any CPU
		{CA9FF580-4D83-422F-85E5-D8962A798EB1}.Debug|Any CPU.Build.0 = Debug|Any CPU
		{CA9FF580-4D83-422F-85E5-D8962A798EB1}.Debug|x64.ActiveCfg = Debug|Any CPU
		{CA9FF580-4D83-422F-85E5-D8962A798EB1}.Debug|x64.Build.0 = Debug|Any CPU
		{CA9FF580-4D83-422F-85E5-D8962A798EB1}.Debug|x86.ActiveCfg = Debug|Any CPU
		{CA9FF580-4D83-422F-85E5-D8962A798EB1}.Debug|x86.Build.0 = Debug|Any CPU
		{CA9FF580-4D83-422F-85E5-D8962A798EB1}.Release|Any CPU.ActiveCfg = Release|Any CPU
		{CA9FF580-4D83-422F-85E5-D8962A798EB1}.Release|Any CPU.Build.0 = Release|Any CPU
		{CA9FF580-4D83-422F-85E5-D8962A798EB1}.Release|x64.ActiveCfg = Release|Any CPU
		{CA9FF580-4D83-422F-85E5-D8962A798EB1}.Release|x64.Build.0 = Release|Any CPU
		{CA9FF580-4D83-422F-85E5-D8962A798EB1}.Release|x86.ActiveCfg = Release|Any CPU
		{CA9FF580-4D83-422F-85E5-D8962A798EB1}.Release|x86.Build.0 = Release|Any CPU
	EndGlobalSection
	GlobalSection(SolutionProperties) = preSolution
		HideSolutionNode = FALSE
	EndGlobalSection
	GlobalSection(NestedProjects) = preSolution
		{CD19E473-91E0-CD72-EE5E-C0DCC46C0E12} = {D9007A03-FD03-1159-6598-E081D0A1BEBA}
		{298F8AB7-0289-679B-5FB2-8DBA2642B344} = {CD19E473-91E0-CD72-EE5E-C0DCC46C0E12}
		{B01E7B82-4A11-46EA-8AC3-50C03BCA9FF3} = {298F8AB7-0289-679B-5FB2-8DBA2642B344}
		{A5E61922-2357-4D33-AC33-14E82344B3D1} = {298F8AB7-0289-679B-5FB2-8DBA2642B344}
		{3774EB85-8B8A-ED5F-A88F-847800C17D59} = {CD19E473-91E0-CD72-EE5E-C0DCC46C0E12}
		{1761D8C7-1C7C-4EEF-85C8-AFC5BD77A07C} = {3774EB85-8B8A-ED5F-A88F-847800C17D59}
		{C7191F93-E6A9-4E49-D69F-C3FFBF7D6FBD} = {D9007A03-FD03-1159-6598-E081D0A1BEBA}
		{6BAEDDFB-59D2-D95E-4EFB-31444E15ADE6} = {C7191F93-E6A9-4E49-D69F-C3FFBF7D6FBD}
		{E54C2DED-9A3F-CEA0-3B2E-B3418CFD6285} = {6BAEDDFB-59D2-D95E-4EFB-31444E15ADE6}
		{508DBBDC-AF4E-4748-A852-87E7F9B2C97E} = {E54C2DED-9A3F-CEA0-3B2E-B3418CFD6285}
		{162DB788-3C4F-0D86-64E4-D7059D439B94} = {6BAEDDFB-59D2-D95E-4EFB-31444E15ADE6}
		{55AFF5F3-6026-43CC-9091-4F96068C32FF} = {162DB788-3C4F-0D86-64E4-D7059D439B94}
		{772F5106-7022-42AD-943D-D254E04F6047} = {E54C2DED-9A3F-CEA0-3B2E-B3418CFD6285}
		{33BE62D2-9FD3-48CD-A087-4E1D6006D8BB} = {162DB788-3C4F-0D86-64E4-D7059D439B94}
		{46932E7D-4ED1-4037-9A0B-E7011F151ED7} = {E54C2DED-9A3F-CEA0-3B2E-B3418CFD6285}
		{16EAC144-B987-44EF-8649-1133226118AB} = {162DB788-3C4F-0D86-64E4-D7059D439B94}
		{1BC757AA-7D07-4374-98E0-E87FB31B9E33} = {298F8AB7-0289-679B-5FB2-8DBA2642B344}
		{0F6283EB-4E1C-4810-BAF8-C0EBB5E47635} = {3774EB85-8B8A-ED5F-A88F-847800C17D59}
		{CA9FF580-4D83-422F-85E5-D8962A798EB1} = {3774EB85-8B8A-ED5F-A88F-847800C17D59}
	EndGlobalSection
EndGlobal
