
Microsoft Visual Studio Solution File, Format Version 12.00
# Visual Studio Version 17
VisualStudioVersion = 17.0.31903.59
MinimumVisualStudioVersion = 10.0.40219.1
Project("{2150E333-8FDC-42A3-9474-1A3956D46DE8}") = "providers", "providers", "{D9007A03-FD03-1159-6598-E081D0A1BEBA}"
EndProject
Project("{2150E333-8FDC-42A3-9474-1A3956D46DE8}") = "base", "base", "{CD19E473-91E0-CD72-EE5E-C0DCC46C0E12}"
EndProject
Project("{2150E333-8FDC-42A3-9474-1A3956D46DE8}") = "src", "src", "{298F8AB7-0289-679B-5FB2-8DBA2642B344}"
EndProject
Project("{FAE04EC0-301F-11D3-BF4B-00C04F79EFBC}") = "Annium.Finance.Providers.Abstractions.Connectors", "providers\base\src\Annium.Finance.Providers.Abstractions.Connectors\Annium.Finance.Providers.Abstractions.Connectors.csproj", "{51F46DAD-122D-488C-91B6-658EA0654331}"
EndProject
Project("{FAE04EC0-301F-11D3-BF4B-00C04F79EFBC}") = "Annium.Finance.Providers.Abstractions.Domain", "providers\base\src\Annium.Finance.Providers.Abstractions.Domain\Annium.Finance.Providers.Abstractions.Domain.csproj", "{6E3713BC-BB6E-4644-8FFF-1D6339FD0C71}"
EndProject
Project("{2150E333-8FDC-42A3-9474-1A3956D46DE8}") = "tests", "tests", "{3774EB85-8B8A-ED5F-A88F-847800C17D59}"
EndProject
Project("{FAE04EC0-301F-11D3-BF4B-00C04F79EFBC}") = "Annium.Finance.Providers.Abstractions.Domain.Tests", "providers\base\tests\Annium.Finance.Providers.Abstractions.Domain.Tests\Annium.Finance.Providers.Abstractions.Domain.Tests.csproj", "{0F3B4E63-D081-4247-A172-C44C37417D76}"
EndProject
Project("{FAE04EC0-301F-11D3-BF4B-00C04F79EFBC}") = "Annium.Finance.Providers.Core", "providers\base\src\Annium.Finance.Providers.Core\Annium.Finance.Providers.Core.csproj", "{DF2E7DE9-636E-493B-B37B-278DD61D096B}"
EndProject
Project("{FAE04EC0-301F-11D3-BF4B-00C04F79EFBC}") = "Annium.Finance.Providers.Core.Tests", "providers\base\tests\Annium.Finance.Providers.Core.Tests\Annium.Finance.Providers.Core.Tests.csproj", "{07C81077-35F0-4728-9C24-7AC462EB9564}"
EndProject
Project("{2150E333-8FDC-42A3-9474-1A3956D46DE8}") = "crypto", "crypto", "{C7191F93-E6A9-4E49-D69F-C3FFBF7D6FBD}"
EndProject
Project("{2150E333-8FDC-42A3-9474-1A3956D46DE8}") = "binance", "binance", "{6BAEDDFB-59D2-D95E-4EFB-31444E15ADE6}"
EndProject
Project("{2150E333-8FDC-42A3-9474-1A3956D46DE8}") = "src", "src", "{E54C2DED-9A3F-CEA0-3B2E-B3418CFD6285}"
EndProject
Project("{FAE04EC0-301F-11D3-BF4B-00C04F79EFBC}") = "Annium.Finance.Providers.Crypto.Binance.Base", "providers\crypto\binance\src\Annium.Finance.Providers.Crypto.Binance.Base\Annium.Finance.Providers.Crypto.Binance.Base.csproj", "{151B8312-8C63-4FD7-830B-AD99BF25A9D6}"
EndProject
Project("{2150E333-8FDC-42A3-9474-1A3956D46DE8}") = "tests", "tests", "{162DB788-3C4F-0D86-64E4-D7059D439B94}"
EndProject
Project("{FAE04EC0-301F-11D3-BF4B-00C04F79EFBC}") = "Annium.Finance.Providers.Crypto.Binance.Base.Tests", "providers\crypto\binance\tests\Annium.Finance.Providers.Crypto.Binance.Base.Tests\Annium.Finance.Providers.Crypto.Binance.Base.Tests.csproj", "{AF7BB4E3-CA92-4A79-952D-BE3DB40F0BE2}"
EndProject
Project("{FAE04EC0-301F-11D3-BF4B-00C04F79EFBC}") = "Annium.Finance.Providers.Crypto.Binance.Spot", "providers\crypto\binance\src\Annium.Finance.Providers.Crypto.Binance.Spot\Annium.Finance.Providers.Crypto.Binance.Spot.csproj", "{D5A3D6A1-F443-404B-9334-150214A5D526}"
EndProject
Project("{FAE04EC0-301F-11D3-BF4B-00C04F79EFBC}") = "Annium.Finance.Providers.Crypto.Binance.Spot.Tests", "providers\crypto\binance\tests\Annium.Finance.Providers.Crypto.Binance.Spot.Tests\Annium.Finance.Providers.Crypto.Binance.Spot.Tests.csproj", "{7DBA1698-2B7C-4E28-A6F0-EA1095C786BC}"
EndProject
Project("{FAE04EC0-301F-11D3-BF4B-00C04F79EFBC}") = "Annium.Finance.Providers.Crypto.Binance.UsdFutures", "providers\crypto\binance\src\Annium.Finance.Providers.Crypto.Binance.UsdFutures\Annium.Finance.Providers.Crypto.Binance.UsdFutures.csproj", "{EFA8E01B-8414-461C-8EEF-88DEB6E1A57F}"
EndProject
Project("{FAE04EC0-301F-11D3-BF4B-00C04F79EFBC}") = "Annium.Finance.Providers.Crypto.Binance.UsdFutures.Tests", "providers\crypto\binance\tests\Annium.Finance.Providers.Crypto.Binance.UsdFutures.Tests\Annium.Finance.Providers.Crypto.Binance.UsdFutures.Tests.csproj", "{C017A7BB-8B49-48DB-AABD-1D7D4D5D46A8}"
EndProject
Project("{FAE04EC0-301F-11D3-BF4B-00C04F79EFBC}") = "Annium.Finance.Providers.Tests.Lib", "providers\base\tests\Annium.Finance.Providers.Tests.Lib\Annium.Finance.Providers.Tests.Lib.csproj", "{98B3FB95-3C4F-4967-8845-34F490270F67}"
EndProject
Global
	GlobalSection(SolutionConfigurationPlatforms) = preSolution
		Debug|Any CPU = Debug|Any CPU
		Debug|x64 = Debug|x64
		Debug|x86 = Debug|x86
		Release|Any CPU = Release|Any CPU
		Release|x64 = Release|x64
		Release|x86 = Release|x86
	EndGlobalSection
	GlobalSection(ProjectConfigurationPlatforms) = postSolution
		{51F46DAD-122D-488C-91B6-658EA0654331}.Debug|Any CPU.ActiveCfg = Debug|Any CPU
		{51F46DAD-122D-488C-91B6-658EA0654331}.Debug|Any CPU.Build.0 = Debug|Any CPU
		{51F46DAD-122D-488C-91B6-658EA0654331}.Debug|x64.ActiveCfg = Debug|Any CPU
		{51F46DAD-122D-488C-91B6-658EA0654331}.Debug|x64.Build.0 = Debug|Any CPU
		{51F46DAD-122D-488C-91B6-658EA0654331}.Debug|x86.ActiveCfg = Debug|Any CPU
		{51F46DAD-122D-488C-91B6-658EA0654331}.Debug|x86.Build.0 = Debug|Any CPU
		{51F46DAD-122D-488C-91B6-658EA0654331}.Release|Any CPU.ActiveCfg = Release|Any CPU
		{51F46DAD-122D-488C-91B6-658EA0654331}.Release|Any CPU.Build.0 = Release|Any CPU
		{51F46DAD-122D-488C-91B6-658EA0654331}.Release|x64.ActiveCfg = Release|Any CPU
		{51F46DAD-122D-488C-91B6-658EA0654331}.Release|x64.Build.0 = Release|Any CPU
		{51F46DAD-122D-488C-91B6-658EA0654331}.Release|x86.ActiveCfg = Release|Any CPU
		{51F46DAD-122D-488C-91B6-658EA0654331}.Release|x86.Build.0 = Release|Any CPU
		{6E3713BC-BB6E-4644-8FFF-1D6339FD0C71}.Debug|Any CPU.ActiveCfg = Debug|Any CPU
		{6E3713BC-BB6E-4644-8FFF-1D6339FD0C71}.Debug|Any CPU.Build.0 = Debug|Any CPU
		{6E3713BC-BB6E-4644-8FFF-1D6339FD0C71}.Debug|x64.ActiveCfg = Debug|Any CPU
		{6E3713BC-BB6E-4644-8FFF-1D6339FD0C71}.Debug|x64.Build.0 = Debug|Any CPU
		{6E3713BC-BB6E-4644-8FFF-1D6339FD0C71}.Debug|x86.ActiveCfg = Debug|Any CPU
		{6E3713BC-BB6E-4644-8FFF-1D6339FD0C71}.Debug|x86.Build.0 = Debug|Any CPU
		{6E3713BC-BB6E-4644-8FFF-1D6339FD0C71}.Release|Any CPU.ActiveCfg = Release|Any CPU
		{6E3713BC-BB6E-4644-8FFF-1D6339FD0C71}.Release|Any CPU.Build.0 = Release|Any CPU
		{6E3713BC-BB6E-4644-8FFF-1D6339FD0C71}.Release|x64.ActiveCfg = Release|Any CPU
		{6E3713BC-BB6E-4644-8FFF-1D6339FD0C71}.Release|x64.Build.0 = Release|Any CPU
		{6E3713BC-BB6E-4644-8FFF-1D6339FD0C71}.Release|x86.ActiveCfg = Release|Any CPU
		{6E3713BC-BB6E-4644-8FFF-1D6339FD0C71}.Release|x86.Build.0 = Release|Any CPU
		{0F3B4E63-D081-4247-A172-C44C37417D76}.Debug|Any CPU.ActiveCfg = Debug|Any CPU
		{0F3B4E63-D081-4247-A172-C44C37417D76}.Debug|Any CPU.Build.0 = Debug|Any CPU
		{0F3B4E63-D081-4247-A172-C44C37417D76}.Debug|x64.ActiveCfg = Debug|Any CPU
		{0F3B4E63-D081-4247-A172-C44C37417D76}.Debug|x64.Build.0 = Debug|Any CPU
		{0F3B4E63-D081-4247-A172-C44C37417D76}.Debug|x86.ActiveCfg = Debug|Any CPU
		{0F3B4E63-D081-4247-A172-C44C37417D76}.Debug|x86.Build.0 = Debug|Any CPU
		{0F3B4E63-D081-4247-A172-C44C37417D76}.Release|Any CPU.ActiveCfg = Release|Any CPU
		{0F3B4E63-D081-4247-A172-C44C37417D76}.Release|Any CPU.Build.0 = Release|Any CPU
		{0F3B4E63-D081-4247-A172-C44C37417D76}.Release|x64.ActiveCfg = Release|Any CPU
		{0F3B4E63-D081-4247-A172-C44C37417D76}.Release|x64.Build.0 = Release|Any CPU
		{0F3B4E63-D081-4247-A172-C44C37417D76}.Release|x86.ActiveCfg = Release|Any CPU
		{0F3B4E63-D081-4247-A172-C44C37417D76}.Release|x86.Build.0 = Release|Any CPU
		{DF2E7DE9-636E-493B-B37B-278DD61D096B}.Debug|Any CPU.ActiveCfg = Debug|Any CPU
		{DF2E7DE9-636E-493B-B37B-278DD61D096B}.Debug|Any CPU.Build.0 = Debug|Any CPU
		{DF2E7DE9-636E-493B-B37B-278DD61D096B}.Debug|x64.ActiveCfg = Debug|Any CPU
		{DF2E7DE9-636E-493B-B37B-278DD61D096B}.Debug|x64.Build.0 = Debug|Any CPU
		{DF2E7DE9-636E-493B-B37B-278DD61D096B}.Debug|x86.ActiveCfg = Debug|Any CPU
		{DF2E7DE9-636E-493B-B37B-278DD61D096B}.Debug|x86.Build.0 = Debug|Any CPU
		{DF2E7DE9-636E-493B-B37B-278DD61D096B}.Release|Any CPU.ActiveCfg = Release|Any CPU
		{DF2E7DE9-636E-493B-B37B-278DD61D096B}.Release|Any CPU.Build.0 = Release|Any CPU
		{DF2E7DE9-636E-493B-B37B-278DD61D096B}.Release|x64.ActiveCfg = Release|Any CPU
		{DF2E7DE9-636E-493B-B37B-278DD61D096B}.Release|x64.Build.0 = Release|Any CPU
		{DF2E7DE9-636E-493B-B37B-278DD61D096B}.Release|x86.ActiveCfg = Release|Any CPU
		{DF2E7DE9-636E-493B-B37B-278DD61D096B}.Release|x86.Build.0 = Release|Any CPU
		{07C81077-35F0-4728-9C24-7AC462EB9564}.Debug|Any CPU.ActiveCfg = Debug|Any CPU
		{07C81077-35F0-4728-9C24-7AC462EB9564}.Debug|Any CPU.Build.0 = Debug|Any CPU
		{07C81077-35F0-4728-9C24-7AC462EB9564}.Debug|x64.ActiveCfg = Debug|Any CPU
		{07C81077-35F0-4728-9C24-7AC462EB9564}.Debug|x64.Build.0 = Debug|Any CPU
		{07C81077-35F0-4728-9C24-7AC462EB9564}.Debug|x86.ActiveCfg = Debug|Any CPU
		{07C81077-35F0-4728-9C24-7AC462EB9564}.Debug|x86.Build.0 = Debug|Any CPU
		{07C81077-35F0-4728-9C24-7AC462EB9564}.Release|Any CPU.ActiveCfg = Release|Any CPU
		{07C81077-35F0-4728-9C24-7AC462EB9564}.Release|Any CPU.Build.0 = Release|Any CPU
		{07C81077-35F0-4728-9C24-7AC462EB9564}.Release|x64.ActiveCfg = Release|Any CPU
		{07C81077-35F0-4728-9C24-7AC462EB9564}.Release|x64.Build.0 = Release|Any CPU
		{07C81077-35F0-4728-9C24-7AC462EB9564}.Release|x86.ActiveCfg = Release|Any CPU
		{07C81077-35F0-4728-9C24-7AC462EB9564}.Release|x86.Build.0 = Release|Any CPU
		{151B8312-8C63-4FD7-830B-AD99BF25A9D6}.Debug|Any CPU.ActiveCfg = Debug|Any CPU
		{151B8312-8C63-4FD7-830B-AD99BF25A9D6}.Debug|Any CPU.Build.0 = Debug|Any CPU
		{151B8312-8C63-4FD7-830B-AD99BF25A9D6}.Debug|x64.ActiveCfg = Debug|Any CPU
		{151B8312-8C63-4FD7-830B-AD99BF25A9D6}.Debug|x64.Build.0 = Debug|Any CPU
		{151B8312-8C63-4FD7-830B-AD99BF25A9D6}.Debug|x86.ActiveCfg = Debug|Any CPU
		{151B8312-8C63-4FD7-830B-AD99BF25A9D6}.Debug|x86.Build.0 = Debug|Any CPU
		{151B8312-8C63-4FD7-830B-AD99BF25A9D6}.Release|Any CPU.ActiveCfg = Release|Any CPU
		{151B8312-8C63-4FD7-830B-AD99BF25A9D6}.Release|Any CPU.Build.0 = Release|Any CPU
		{151B8312-8C63-4FD7-830B-AD99BF25A9D6}.Release|x64.ActiveCfg = Release|Any CPU
		{151B8312-8C63-4FD7-830B-AD99BF25A9D6}.Release|x64.Build.0 = Release|Any CPU
		{151B8312-8C63-4FD7-830B-AD99BF25A9D6}.Release|x86.ActiveCfg = Release|Any CPU
		{151B8312-8C63-4FD7-830B-AD99BF25A9D6}.Release|x86.Build.0 = Release|Any CPU
		{AF7BB4E3-CA92-4A79-952D-BE3DB40F0BE2}.Debug|Any CPU.ActiveCfg = Debug|Any CPU
		{AF7BB4E3-CA92-4A79-952D-BE3DB40F0BE2}.Debug|Any CPU.Build.0 = Debug|Any CPU
		{AF7BB4E3-CA92-4A79-952D-BE3DB40F0BE2}.Debug|x64.ActiveCfg = Debug|Any CPU
		{AF7BB4E3-CA92-4A79-952D-BE3DB40F0BE2}.Debug|x64.Build.0 = Debug|Any CPU
		{AF7BB4E3-CA92-4A79-952D-BE3DB40F0BE2}.Debug|x86.ActiveCfg = Debug|Any CPU
		{AF7BB4E3-CA92-4A79-952D-BE3DB40F0BE2}.Debug|x86.Build.0 = Debug|Any CPU
		{AF7BB4E3-CA92-4A79-952D-BE3DB40F0BE2}.Release|Any CPU.ActiveCfg = Release|Any CPU
		{AF7BB4E3-CA92-4A79-952D-BE3DB40F0BE2}.Release|Any CPU.Build.0 = Release|Any CPU
		{AF7BB4E3-CA92-4A79-952D-BE3DB40F0BE2}.Release|x64.ActiveCfg = Release|Any CPU
		{AF7BB4E3-CA92-4A79-952D-BE3DB40F0BE2}.Release|x64.Build.0 = Release|Any CPU
		{AF7BB4E3-CA92-4A79-952D-BE3DB40F0BE2}.Release|x86.ActiveCfg = Release|Any CPU
		{AF7BB4E3-CA92-4A79-952D-BE3DB40F0BE2}.Release|x86.Build.0 = Release|Any CPU
		{D5A3D6A1-F443-404B-9334-150214A5D526}.Debug|Any CPU.ActiveCfg = Debug|Any CPU
		{D5A3D6A1-F443-404B-9334-150214A5D526}.Debug|Any CPU.Build.0 = Debug|Any CPU
		{D5A3D6A1-F443-404B-9334-150214A5D526}.Debug|x64.ActiveCfg = Debug|Any CPU
		{D5A3D6A1-F443-404B-9334-150214A5D526}.Debug|x64.Build.0 = Debug|Any CPU
		{D5A3D6A1-F443-404B-9334-150214A5D526}.Debug|x86.ActiveCfg = Debug|Any CPU
		{D5A3D6A1-F443-404B-9334-150214A5D526}.Debug|x86.Build.0 = Debug|Any CPU
		{D5A3D6A1-F443-404B-9334-150214A5D526}.Release|Any CPU.ActiveCfg = Release|Any CPU
		{D5A3D6A1-F443-404B-9334-150214A5D526}.Release|Any CPU.Build.0 = Release|Any CPU
		{D5A3D6A1-F443-404B-9334-150214A5D526}.Release|x64.ActiveCfg = Release|Any CPU
		{D5A3D6A1-F443-404B-9334-150214A5D526}.Release|x64.Build.0 = Release|Any CPU
		{D5A3D6A1-F443-404B-9334-150214A5D526}.Release|x86.ActiveCfg = Release|Any CPU
		{D5A3D6A1-F443-404B-9334-150214A5D526}.Release|x86.Build.0 = Release|Any CPU
		{7DBA1698-2B7C-4E28-A6F0-EA1095C786BC}.Debug|Any CPU.ActiveCfg = Debug|Any CPU
		{7DBA1698-2B7C-4E28-A6F0-EA1095C786BC}.Debug|Any CPU.Build.0 = Debug|Any CPU
		{7DBA1698-2B7C-4E28-A6F0-EA1095C786BC}.Debug|x64.ActiveCfg = Debug|Any CPU
		{7DBA1698-2B7C-4E28-A6F0-EA1095C786BC}.Debug|x64.Build.0 = Debug|Any CPU
		{7DBA1698-2B7C-4E28-A6F0-EA1095C786BC}.Debug|x86.ActiveCfg = Debug|Any CPU
		{7DBA1698-2B7C-4E28-A6F0-EA1095C786BC}.Debug|x86.Build.0 = Debug|Any CPU
		{7DBA1698-2B7C-4E28-A6F0-EA1095C786BC}.Release|Any CPU.ActiveCfg = Release|Any CPU
		{7DBA1698-2B7C-4E28-A6F0-EA1095C786BC}.Release|Any CPU.Build.0 = Release|Any CPU
		{7DBA1698-2B7C-4E28-A6F0-EA1095C786BC}.Release|x64.ActiveCfg = Release|Any CPU
		{7DBA1698-2B7C-4E28-A6F0-EA1095C786BC}.Release|x64.Build.0 = Release|Any CPU
		{7DBA1698-2B7C-4E28-A6F0-EA1095C786BC}.Release|x86.ActiveCfg = Release|Any CPU
		{7DBA1698-2B7C-4E28-A6F0-EA1095C786BC}.Release|x86.Build.0 = Release|Any CPU
		{EFA8E01B-8414-461C-8EEF-88DEB6E1A57F}.Debug|Any CPU.ActiveCfg = Debug|Any CPU
		{EFA8E01B-8414-461C-8EEF-88DEB6E1A57F}.Debug|Any CPU.Build.0 = Debug|Any CPU
		{EFA8E01B-8414-461C-8EEF-88DEB6E1A57F}.Debug|x64.ActiveCfg = Debug|Any CPU
		{EFA8E01B-8414-461C-8EEF-88DEB6E1A57F}.Debug|x64.Build.0 = Debug|Any CPU
		{EFA8E01B-8414-461C-8EEF-88DEB6E1A57F}.Debug|x86.ActiveCfg = Debug|Any CPU
		{EFA8E01B-8414-461C-8EEF-88DEB6E1A57F}.Debug|x86.Build.0 = Debug|Any CPU
		{EFA8E01B-8414-461C-8EEF-88DEB6E1A57F}.Release|Any CPU.ActiveCfg = Release|Any CPU
		{EFA8E01B-8414-461C-8EEF-88DEB6E1A57F}.Release|Any CPU.Build.0 = Release|Any CPU
		{EFA8E01B-8414-461C-8EEF-88DEB6E1A57F}.Release|x64.ActiveCfg = Release|Any CPU
		{EFA8E01B-8414-461C-8EEF-88DEB6E1A57F}.Release|x64.Build.0 = Release|Any CPU
		{EFA8E01B-8414-461C-8EEF-88DEB6E1A57F}.Release|x86.ActiveCfg = Release|Any CPU
		{EFA8E01B-8414-461C-8EEF-88DEB6E1A57F}.Release|x86.Build.0 = Release|Any CPU
		{C017A7BB-8B49-48DB-AABD-1D7D4D5D46A8}.Debug|Any CPU.ActiveCfg = Debug|Any CPU
		{C017A7BB-8B49-48DB-AABD-1D7D4D5D46A8}.Debug|Any CPU.Build.0 = Debug|Any CPU
		{C017A7BB-8B49-48DB-AABD-1D7D4D5D46A8}.Debug|x64.ActiveCfg = Debug|Any CPU
		{C017A7BB-8B49-48DB-AABD-1D7D4D5D46A8}.Debug|x64.Build.0 = Debug|Any CPU
		{C017A7BB-8B49-48DB-AABD-1D7D4D5D46A8}.Debug|x86.ActiveCfg = Debug|Any CPU
		{C017A7BB-8B49-48DB-AABD-1D7D4D5D46A8}.Debug|x86.Build.0 = Debug|Any CPU
		{C017A7BB-8B49-48DB-AABD-1D7D4D5D46A8}.Release|Any CPU.ActiveCfg = Release|Any CPU
		{C017A7BB-8B49-48DB-AABD-1D7D4D5D46A8}.Release|Any CPU.Build.0 = Release|Any CPU
		{C017A7BB-8B49-48DB-AABD-1D7D4D5D46A8}.Release|x64.ActiveCfg = Release|Any CPU
		{C017A7BB-8B49-48DB-AABD-1D7D4D5D46A8}.Release|x64.Build.0 = Release|Any CPU
		{C017A7BB-8B49-48DB-AABD-1D7D4D5D46A8}.Release|x86.ActiveCfg = Release|Any CPU
		{C017A7BB-8B49-48DB-AABD-1D7D4D5D46A8}.Release|x86.Build.0 = Release|Any CPU
		{98B3FB95-3C4F-4967-8845-34F490270F67}.Debug|Any CPU.ActiveCfg = Debug|Any CPU
		{98B3FB95-3C4F-4967-8845-34F490270F67}.Debug|Any CPU.Build.0 = Debug|Any CPU
		{98B3FB95-3C4F-4967-8845-34F490270F67}.Debug|x64.ActiveCfg = Debug|Any CPU
		{98B3FB95-3C4F-4967-8845-34F490270F67}.Debug|x64.Build.0 = Debug|Any CPU
		{98B3FB95-3C4F-4967-8845-34F490270F67}.Debug|x86.ActiveCfg = Debug|Any CPU
		{98B3FB95-3C4F-4967-8845-34F490270F67}.Debug|x86.Build.0 = Debug|Any CPU
		{98B3FB95-3C4F-4967-8845-34F490270F67}.Release|Any CPU.ActiveCfg = Release|Any CPU
		{98B3FB95-3C4F-4967-8845-34F490270F67}.Release|Any CPU.Build.0 = Release|Any CPU
		{98B3FB95-3C4F-4967-8845-34F490270F67}.Release|x64.ActiveCfg = Release|Any CPU
		{98B3FB95-3C4F-4967-8845-34F490270F67}.Release|x64.Build.0 = Release|Any CPU
		{98B3FB95-3C4F-4967-8845-34F490270F67}.Release|x86.ActiveCfg = Release|Any CPU
		{98B3FB95-3C4F-4967-8845-34F490270F67}.Release|x86.Build.0 = Release|Any CPU
	EndGlobalSection
	GlobalSection(SolutionProperties) = preSolution
		HideSolutionNode = FALSE
	EndGlobalSection
	GlobalSection(NestedProjects) = preSolution
		{CD19E473-91E0-CD72-EE5E-C0DCC46C0E12} = {D9007A03-FD03-1159-6598-E081D0A1BEBA}
		{298F8AB7-0289-679B-5FB2-8DBA2642B344} = {CD19E473-91E0-CD72-EE5E-C0DCC46C0E12}
		{51F46DAD-122D-488C-91B6-658EA0654331} = {298F8AB7-0289-679B-5FB2-8DBA2642B344}
		{6E3713BC-BB6E-4644-8FFF-1D6339FD0C71} = {298F8AB7-0289-679B-5FB2-8DBA2642B344}
		{3774EB85-8B8A-ED5F-A88F-847800C17D59} = {CD19E473-91E0-CD72-EE5E-C0DCC46C0E12}
		{0F3B4E63-D081-4247-A172-C44C37417D76} = {3774EB85-8B8A-ED5F-A88F-847800C17D59}
		{DF2E7DE9-636E-493B-B37B-278DD61D096B} = {298F8AB7-0289-679B-5FB2-8DBA2642B344}
		{07C81077-35F0-4728-9C24-7AC462EB9564} = {3774EB85-8B8A-ED5F-A88F-847800C17D59}
		{C7191F93-E6A9-4E49-D69F-C3FFBF7D6FBD} = {D9007A03-FD03-1159-6598-E081D0A1BEBA}
		{6BAEDDFB-59D2-D95E-4EFB-31444E15ADE6} = {C7191F93-E6A9-4E49-D69F-C3FFBF7D6FBD}
		{E54C2DED-9A3F-CEA0-3B2E-B3418CFD6285} = {6BAEDDFB-59D2-D95E-4EFB-31444E15ADE6}
		{151B8312-8C63-4FD7-830B-AD99BF25A9D6} = {E54C2DED-9A3F-CEA0-3B2E-B3418CFD6285}
		{162DB788-3C4F-0D86-64E4-D7059D439B94} = {6BAEDDFB-59D2-D95E-4EFB-31444E15ADE6}
		{AF7BB4E3-CA92-4A79-952D-BE3DB40F0BE2} = {162DB788-3C4F-0D86-64E4-D7059D439B94}
		{D5A3D6A1-F443-404B-9334-150214A5D526} = {E54C2DED-9A3F-CEA0-3B2E-B3418CFD6285}
		{7DBA1698-2B7C-4E28-A6F0-EA1095C786BC} = {162DB788-3C4F-0D86-64E4-D7059D439B94}
		{EFA8E01B-8414-461C-8EEF-88DEB6E1A57F} = {E54C2DED-9A3F-CEA0-3B2E-B3418CFD6285}
		{C017A7BB-8B49-48DB-AABD-1D7D4D5D46A8} = {162DB788-3C4F-0D86-64E4-D7059D439B94}
		{98B3FB95-3C4F-4967-8845-34F490270F67} = {3774EB85-8B8A-ED5F-A88F-847800C17D59}
	EndGlobalSection
EndGlobal
